
Microsoft Visual Studio Solution File, Format Version 12.00
# Visual Studio Version 17
VisualStudioVersion = 17.11.35222.181
MinimumVisualStudioVersion = 10.0.40219.1
Project("{FAE04EC0-301F-11D3-BF4B-00C04F79EFBC}") = "Lab3DB", "Lab3DB\Lab3DB.csproj", "{DB04B23C-5952-4AB0-BBE4-9BA7365B208C}"
EndProject
Global
	GlobalSection(SolutionConfigurationPlatforms) = preSolution
		Debug|Any CPU = Debug|Any CPU
		Release|Any CPU = Release|Any CPU
	EndGlobalSection
	GlobalSection(ProjectConfigurationPlatforms) = postSolution
		{DB04B23C-5952-4AB0-BBE4-9BA7365B208C}.Debug|Any CPU.ActiveCfg = Debug|Any CPU
		{DB04B23C-5952-4AB0-BBE4-9BA7365B208C}.Debug|Any CPU.Build.0 = Debug|Any CPU
		{DB04B23C-5952-4AB0-BBE4-9BA7365B208C}.Release|Any CPU.ActiveCfg = Release|Any CPU
		{DB04B23C-5952-4AB0-BBE4-9BA7365B208C}.Release|Any CPU.Build.0 = Release|Any CPU
	EndGlobalSection
	GlobalSection(SolutionProperties) = preSolution
		HideSolutionNode = FALSE
	EndGlobalSection
	GlobalSection(ExtensibilityGlobals) = postSolution
		SolutionGuid = {DF24FA09-D730-4372-9710-C7167581343F}
	EndGlobalSection
EndGlobal
